
Microsoft Visual Studio Solution File, Format Version 12.00
# Visual Studio 2012
Project("{FAE04EC0-301F-11D3-BF4B-00C04F79EFBC}") = "FirstProject", "FirstProject\FirstProject.csproj", "{F2ED46CF-6314-4550-B9D1-24F933AADB95}"
EndProject
Global
	GlobalSection(SolutionConfigurationPlatforms) = preSolution
		Debug|Any CPU = Debug|Any CPU
		Release|Any CPU = Release|Any CPU
	EndGlobalSection
	GlobalSection(ProjectConfigurationPlatforms) = postSolution
		{F2ED46CF-6314-4550-B9D1-24F933AADB95}.Debug|Any CPU.ActiveCfg = Debug|Any CPU
		{F2ED46CF-6314-4550-B9D1-24F933AADB95}.Debug|Any CPU.Build.0 = Debug|Any CPU
		{F2ED46CF-6314-4550-B9D1-24F933AADB95}.Release|Any CPU.ActiveCfg = Release|Any CPU
		{F2ED46CF-6314-4550-B9D1-24F933AADB95}.Release|Any CPU.Build.0 = Release|Any CPU
	EndGlobalSection
	GlobalSection(SolutionProperties) = preSolution
		HideSolutionNode = FALSE
	EndGlobalSection
EndGlobal
